
Microsoft Visual Studio Solution File, Format Version 12.00
# Visual Studio Version 17
VisualStudioVersion = 17.0.31903.59
MinimumVisualStudioVersion = 10.0.40219.1
Project("{FAE04EC0-301F-11D3-BF4B-00C04F79EFBC}") = "agent", "agent\agent.csproj", "{25AE4BD8-313C-44E2-AAAD-B764EED737C3}"
EndProject
Project("{FAE04EC0-301F-11D3-BF4B-00C04F79EFBC}") = "agent.tests", "agent.tests\agent.tests.csproj", "{545FCD87-D895-49C1-AD1F-6EC28BE69118}"
EndProject
Global
	GlobalSection(SolutionConfigurationPlatforms) = preSolution
		Debug|Any CPU = Debug|Any CPU
		Release|Any CPU = Release|Any CPU
	EndGlobalSection
	GlobalSection(SolutionProperties) = preSolution
		HideSolutionNode = FALSE
	EndGlobalSection
	GlobalSection(ProjectConfigurationPlatforms) = postSolution
		{25AE4BD8-313C-44E2-AAAD-B764EED737C3}.Debug|Any CPU.ActiveCfg = Debug|Any CPU
		{25AE4BD8-313C-44E2-AAAD-B764EED737C3}.Debug|Any CPU.Build.0 = Debug|Any CPU
		{25AE4BD8-313C-44E2-AAAD-B764EED737C3}.Release|Any CPU.ActiveCfg = Release|Any CPU
		{25AE4BD8-313C-44E2-AAAD-B764EED737C3}.Release|Any CPU.Build.0 = Release|Any CPU
		{545FCD87-D895-49C1-AD1F-6EC28BE69118}.Debug|Any CPU.ActiveCfg = Debug|Any CPU
		{545FCD87-D895-49C1-AD1F-6EC28BE69118}.Debug|Any CPU.Build.0 = Debug|Any CPU
		{545FCD87-D895-49C1-AD1F-6EC28BE69118}.Release|Any CPU.ActiveCfg = Release|Any CPU
		{545FCD87-D895-49C1-AD1F-6EC28BE69118}.Release|Any CPU.Build.0 = Release|Any CPU
	EndGlobalSection
EndGlobal
